// !$*UTF8*$!
{
	archiveVersion = 1;
	classes = {
	};
	objectVersion = 46;
	objects = {

/* Begin PBXBuildFile section */
		23C128B49B11F2AC80728C74 /* Pods_pruebasqliteUITests.framework in Frameworks */ = {isa = PBXBuildFile; fileRef = E0460F338D140DF52EFA0A56 /* Pods_pruebasqliteUITests.framework */; };
		EA563A148A912CCE20FD3B78 /* Pods_pruebasqlite.framework in Frameworks */ = {isa = PBXBuildFile; fileRef = 18D6305A0E7D2B795B3EF029 /* Pods_pruebasqlite.framework */; };
		ED0D61031F0D5F1500F471C2 /* AppDelegate.swift in Sources */ = {isa = PBXBuildFile; fileRef = ED0D61021F0D5F1500F471C2 /* AppDelegate.swift */; };
		ED0D61051F0D5F1500F471C2 /* ViewController.swift in Sources */ = {isa = PBXBuildFile; fileRef = ED0D61041F0D5F1500F471C2 /* ViewController.swift */; };
		ED0D61081F0D5F1500F471C2 /* Main.storyboard in Resources */ = {isa = PBXBuildFile; fileRef = ED0D61061F0D5F1500F471C2 /* Main.storyboard */; };
		ED0D610B1F0D5F1500F471C2 /* pruebasqlite.xcdatamodeld in Sources */ = {isa = PBXBuildFile; fileRef = ED0D61091F0D5F1500F471C2 /* pruebasqlite.xcdatamodeld */; };
		ED0D610D1F0D5F1500F471C2 /* Assets.xcassets in Resources */ = {isa = PBXBuildFile; fileRef = ED0D610C1F0D5F1500F471C2 /* Assets.xcassets */; };
		ED0D61101F0D5F1500F471C2 /* LaunchScreen.storyboard in Resources */ = {isa = PBXBuildFile; fileRef = ED0D610E1F0D5F1500F471C2 /* LaunchScreen.storyboard */; };
		ED0D611B1F0D5F1500F471C2 /* pruebasqliteTests.swift in Sources */ = {isa = PBXBuildFile; fileRef = ED0D611A1F0D5F1500F471C2 /* pruebasqliteTests.swift */; };
		ED0D61261F0D5F1500F471C2 /* pruebasqliteUITests.swift in Sources */ = {isa = PBXBuildFile; fileRef = ED0D61251F0D5F1500F471C2 /* pruebasqliteUITests.swift */; };
		ED0D613A1F0D695F00F471C2 /* SQLite.framework in Embed Frameworks */ = {isa = PBXBuildFile; fileRef = ED0D61351F0D620A00F471C2 /* SQLite.framework */; settings = {ATTRIBUTES = (CodeSignOnCopy, RemoveHeadersOnCopy, ); }; };
		EDAF489D1F13C48200B58FA0 /* BalizasDBManager.swift in Sources */ = {isa = PBXBuildFile; fileRef = EDAF489C1F13C48200B58FA0 /* BalizasDBManager.swift */; };
		EDAF489F1F13C50300B58FA0 /* SQLiteDataStorage.swift in Sources */ = {isa = PBXBuildFile; fileRef = EDAF489E1F13C50300B58FA0 /* SQLiteDataStorage.swift */; };
		EDAF48A11F13EA9400B58FA0 /* GruposMascarasDBManager.swift in Sources */ = {isa = PBXBuildFile; fileRef = EDAF48A01F13EA9400B58FA0 /* GruposMascarasDBManager.swift */; };
		EDAF48A31F13FD5900B58FA0 /* MotivosDBManager.swift in Sources */ = {isa = PBXBuildFile; fileRef = EDAF48A21F13FD5900B58FA0 /* MotivosDBManager.swift */; };
		EDAF48A51F14257D00B58FA0 /* MascarasDBManager.swift in Sources */ = {isa = PBXBuildFile; fileRef = EDAF48A41F14257D00B58FA0 /* MascarasDBManager.swift */; };
		EDAF48A71F142FF000B58FA0 /* GruposDBManager.swift in Sources */ = {isa = PBXBuildFile; fileRef = EDAF48A61F142FF000B58FA0 /* GruposDBManager.swift */; };
		FBCA0303C21603D2FB45893D /* Pods_pruebasqliteTests.framework in Frameworks */ = {isa = PBXBuildFile; fileRef = F9F32CE2E99C714CCB1C4DAD /* Pods_pruebasqliteTests.framework */; };
/* End PBXBuildFile section */

/* Begin PBXContainerItemProxy section */
		ED0D61171F0D5F1500F471C2 /* PBXContainerItemProxy */ = {
			isa = PBXContainerItemProxy;
			containerPortal = ED0D60F71F0D5F1500F471C2 /* Project object */;
			proxyType = 1;
			remoteGlobalIDString = ED0D60FE1F0D5F1500F471C2;
			remoteInfo = pruebasqlite;
		};
		ED0D61221F0D5F1500F471C2 /* PBXContainerItemProxy */ = {
			isa = PBXContainerItemProxy;
			containerPortal = ED0D60F71F0D5F1500F471C2 /* Project object */;
			proxyType = 1;
			remoteGlobalIDString = ED0D60FE1F0D5F1500F471C2;
			remoteInfo = pruebasqlite;
		};
/* End PBXContainerItemProxy section */

/* Begin PBXCopyFilesBuildPhase section */
		ED0D613B1F0D695F00F471C2 /* Embed Frameworks */ = {
			isa = PBXCopyFilesBuildPhase;
			buildActionMask = 2147483647;
			dstPath = "";
			dstSubfolderSpec = 10;
			files = (
				ED0D613A1F0D695F00F471C2 /* SQLite.framework in Embed Frameworks */,
			);
			name = "Embed Frameworks";
			runOnlyForDeploymentPostprocessing = 0;
		};
/* End PBXCopyFilesBuildPhase section */

/* Begin PBXFileReference section */
		0062D3EB1F7DFBBE2F7C61BB /* Pods-pruebasqliteTests.release.xcconfig */ = {isa = PBXFileReference; includeInIndex = 1; lastKnownFileType = text.xcconfig; name = "Pods-pruebasqliteTests.release.xcconfig"; path = "Pods/Target Support Files/Pods-pruebasqliteTests/Pods-pruebasqliteTests.release.xcconfig"; sourceTree = "<group>"; };
		18D6305A0E7D2B795B3EF029 /* Pods_pruebasqlite.framework */ = {isa = PBXFileReference; explicitFileType = wrapper.framework; includeInIndex = 0; path = Pods_pruebasqlite.framework; sourceTree = BUILT_PRODUCTS_DIR; };
		8D18208004A99B858D36AF97 /* Pods-pruebasqliteUITests.debug.xcconfig */ = {isa = PBXFileReference; includeInIndex = 1; lastKnownFileType = text.xcconfig; name = "Pods-pruebasqliteUITests.debug.xcconfig"; path = "Pods/Target Support Files/Pods-pruebasqliteUITests/Pods-pruebasqliteUITests.debug.xcconfig"; sourceTree = "<group>"; };
		BA85FC8EF526F9553662905A /* Pods-pruebasqlite.debug.xcconfig */ = {isa = PBXFileReference; includeInIndex = 1; lastKnownFileType = text.xcconfig; name = "Pods-pruebasqlite.debug.xcconfig"; path = "Pods/Target Support Files/Pods-pruebasqlite/Pods-pruebasqlite.debug.xcconfig"; sourceTree = "<group>"; };
		CA6201D69BACF9752EA36AEC /* Pods-pruebasqlite.release.xcconfig */ = {isa = PBXFileReference; includeInIndex = 1; lastKnownFileType = text.xcconfig; name = "Pods-pruebasqlite.release.xcconfig"; path = "Pods/Target Support Files/Pods-pruebasqlite/Pods-pruebasqlite.release.xcconfig"; sourceTree = "<group>"; };
		CA86E8CA2B8801286675AE4F /* Pods-pruebasqliteUITests.release.xcconfig */ = {isa = PBXFileReference; includeInIndex = 1; lastKnownFileType = text.xcconfig; name = "Pods-pruebasqliteUITests.release.xcconfig"; path = "Pods/Target Support Files/Pods-pruebasqliteUITests/Pods-pruebasqliteUITests.release.xcconfig"; sourceTree = "<group>"; };
		DF1D4C0C7BA8D0670C8398ED /* Pods-pruebasqliteTests.debug.xcconfig */ = {isa = PBXFileReference; includeInIndex = 1; lastKnownFileType = text.xcconfig; name = "Pods-pruebasqliteTests.debug.xcconfig"; path = "Pods/Target Support Files/Pods-pruebasqliteTests/Pods-pruebasqliteTests.debug.xcconfig"; sourceTree = "<group>"; };
		E0460F338D140DF52EFA0A56 /* Pods_pruebasqliteUITests.framework */ = {isa = PBXFileReference; explicitFileType = wrapper.framework; includeInIndex = 0; path = Pods_pruebasqliteUITests.framework; sourceTree = BUILT_PRODUCTS_DIR; };
		ED0D60FF1F0D5F1500F471C2 /* pruebasqlite.app */ = {isa = PBXFileReference; explicitFileType = wrapper.application; includeInIndex = 0; path = pruebasqlite.app; sourceTree = BUILT_PRODUCTS_DIR; };
		ED0D61021F0D5F1500F471C2 /* AppDelegate.swift */ = {isa = PBXFileReference; lastKnownFileType = sourcecode.swift; path = AppDelegate.swift; sourceTree = "<group>"; };
		ED0D61041F0D5F1500F471C2 /* ViewController.swift */ = {isa = PBXFileReference; lastKnownFileType = sourcecode.swift; path = ViewController.swift; sourceTree = "<group>"; };
		ED0D61071F0D5F1500F471C2 /* Base */ = {isa = PBXFileReference; lastKnownFileType = file.storyboard; name = Base; path = Base.lproj/Main.storyboard; sourceTree = "<group>"; };
		ED0D610A1F0D5F1500F471C2 /* pruebasqlite.xcdatamodel */ = {isa = PBXFileReference; lastKnownFileType = wrapper.xcdatamodel; path = pruebasqlite.xcdatamodel; sourceTree = "<group>"; };
		ED0D610C1F0D5F1500F471C2 /* Assets.xcassets */ = {isa = PBXFileReference; lastKnownFileType = folder.assetcatalog; path = Assets.xcassets; sourceTree = "<group>"; };
		ED0D610F1F0D5F1500F471C2 /* Base */ = {isa = PBXFileReference; lastKnownFileType = file.storyboard; name = Base; path = Base.lproj/LaunchScreen.storyboard; sourceTree = "<group>"; };
		ED0D61111F0D5F1500F471C2 /* Info.plist */ = {isa = PBXFileReference; lastKnownFileType = text.plist.xml; path = Info.plist; sourceTree = "<group>"; };
		ED0D61161F0D5F1500F471C2 /* pruebasqliteTests.xctest */ = {isa = PBXFileReference; explicitFileType = wrapper.cfbundle; includeInIndex = 0; path = pruebasqliteTests.xctest; sourceTree = BUILT_PRODUCTS_DIR; };
		ED0D611A1F0D5F1500F471C2 /* pruebasqliteTests.swift */ = {isa = PBXFileReference; lastKnownFileType = sourcecode.swift; path = pruebasqliteTests.swift; sourceTree = "<group>"; };
		ED0D611C1F0D5F1500F471C2 /* Info.plist */ = {isa = PBXFileReference; lastKnownFileType = text.plist.xml; path = Info.plist; sourceTree = "<group>"; };
		ED0D61211F0D5F1500F471C2 /* pruebasqliteUITests.xctest */ = {isa = PBXFileReference; explicitFileType = wrapper.cfbundle; includeInIndex = 0; path = pruebasqliteUITests.xctest; sourceTree = BUILT_PRODUCTS_DIR; };
		ED0D61251F0D5F1500F471C2 /* pruebasqliteUITests.swift */ = {isa = PBXFileReference; lastKnownFileType = sourcecode.swift; path = pruebasqliteUITests.swift; sourceTree = "<group>"; };
		ED0D61271F0D5F1500F471C2 /* Info.plist */ = {isa = PBXFileReference; lastKnownFileType = text.plist.xml; path = Info.plist; sourceTree = "<group>"; };
		ED0D61331F0D600600F471C2 /* libsqlite3.tbd */ = {isa = PBXFileReference; lastKnownFileType = "sourcecode.text-based-dylib-definition"; name = libsqlite3.tbd; path = usr/lib/libsqlite3.tbd; sourceTree = SDKROOT; };
		ED0D61351F0D620A00F471C2 /* SQLite.framework */ = {isa = PBXFileReference; lastKnownFileType = wrapper.framework; name = SQLite.framework; path = "../../Library/Developer/Xcode/DerivedData/pruebasqlite-gojtillkyncsigeipvetcekwdqeu/Build/Products/Debug-iphonesimulator/SQLite.swift/SQLite.framework"; sourceTree = "<group>"; };
		EDAF489C1F13C48200B58FA0 /* BalizasDBManager.swift */ = {isa = PBXFileReference; fileEncoding = 4; lastKnownFileType = sourcecode.swift; path = BalizasDBManager.swift; sourceTree = "<group>"; };
		EDAF489E1F13C50300B58FA0 /* SQLiteDataStorage.swift */ = {isa = PBXFileReference; fileEncoding = 4; lastKnownFileType = sourcecode.swift; path = SQLiteDataStorage.swift; sourceTree = "<group>"; };
		EDAF48A01F13EA9400B58FA0 /* GruposMascarasDBManager.swift */ = {isa = PBXFileReference; fileEncoding = 4; lastKnownFileType = sourcecode.swift; path = GruposMascarasDBManager.swift; sourceTree = "<group>"; };
		EDAF48A21F13FD5900B58FA0 /* MotivosDBManager.swift */ = {isa = PBXFileReference; fileEncoding = 4; lastKnownFileType = sourcecode.swift; path = MotivosDBManager.swift; sourceTree = "<group>"; };
		EDAF48A41F14257D00B58FA0 /* MascarasDBManager.swift */ = {isa = PBXFileReference; fileEncoding = 4; lastKnownFileType = sourcecode.swift; path = MascarasDBManager.swift; sourceTree = "<group>"; };
		EDAF48A61F142FF000B58FA0 /* GruposDBManager.swift */ = {isa = PBXFileReference; fileEncoding = 4; lastKnownFileType = sourcecode.swift; path = GruposDBManager.swift; sourceTree = "<group>"; };
		F9F32CE2E99C714CCB1C4DAD /* Pods_pruebasqliteTests.framework */ = {isa = PBXFileReference; explicitFileType = wrapper.framework; includeInIndex = 0; path = Pods_pruebasqliteTests.framework; sourceTree = BUILT_PRODUCTS_DIR; };
/* End PBXFileReference section */

/* Begin PBXFrameworksBuildPhase section */
		ED0D60FC1F0D5F1500F471C2 /* Frameworks */ = {
			isa = PBXFrameworksBuildPhase;
			buildActionMask = 2147483647;
			files = (
				EA563A148A912CCE20FD3B78 /* Pods_pruebasqlite.framework in Frameworks */,
			);
			runOnlyForDeploymentPostprocessing = 0;
		};
		ED0D61131F0D5F1500F471C2 /* Frameworks */ = {
			isa = PBXFrameworksBuildPhase;
			buildActionMask = 2147483647;
			files = (
				FBCA0303C21603D2FB45893D /* Pods_pruebasqliteTests.framework in Frameworks */,
			);
			runOnlyForDeploymentPostprocessing = 0;
		};
		ED0D611E1F0D5F1500F471C2 /* Frameworks */ = {
			isa = PBXFrameworksBuildPhase;
			buildActionMask = 2147483647;
			files = (
				23C128B49B11F2AC80728C74 /* Pods_pruebasqliteUITests.framework in Frameworks */,
			);
			runOnlyForDeploymentPostprocessing = 0;
		};
/* End PBXFrameworksBuildPhase section */

/* Begin PBXGroup section */
		56069DA5EE5A999047ED383D /* Pods */ = {
			isa = PBXGroup;
			children = (
				BA85FC8EF526F9553662905A /* Pods-pruebasqlite.debug.xcconfig */,
				CA6201D69BACF9752EA36AEC /* Pods-pruebasqlite.release.xcconfig */,
				DF1D4C0C7BA8D0670C8398ED /* Pods-pruebasqliteTests.debug.xcconfig */,
				0062D3EB1F7DFBBE2F7C61BB /* Pods-pruebasqliteTests.release.xcconfig */,
				8D18208004A99B858D36AF97 /* Pods-pruebasqliteUITests.debug.xcconfig */,
				CA86E8CA2B8801286675AE4F /* Pods-pruebasqliteUITests.release.xcconfig */,
			);
			name = Pods;
			sourceTree = "<group>";
		};
		8B707E42CFCF89E652BE009B /* Frameworks */ = {
			isa = PBXGroup;
			children = (
				ED0D61351F0D620A00F471C2 /* SQLite.framework */,
				ED0D61331F0D600600F471C2 /* libsqlite3.tbd */,
				18D6305A0E7D2B795B3EF029 /* Pods_pruebasqlite.framework */,
				F9F32CE2E99C714CCB1C4DAD /* Pods_pruebasqliteTests.framework */,
				E0460F338D140DF52EFA0A56 /* Pods_pruebasqliteUITests.framework */,
			);
			name = Frameworks;
			sourceTree = "<group>";
		};
		ED0D60F61F0D5F1500F471C2 = {
			isa = PBXGroup;
			children = (
				ED0D61011F0D5F1500F471C2 /* pruebasqlite */,
				ED0D61191F0D5F1500F471C2 /* pruebasqliteTests */,
				ED0D61241F0D5F1500F471C2 /* pruebasqliteUITests */,
				ED0D61001F0D5F1500F471C2 /* Products */,
				56069DA5EE5A999047ED383D /* Pods */,
				8B707E42CFCF89E652BE009B /* Frameworks */,
			);
			sourceTree = "<group>";
		};
		ED0D61001F0D5F1500F471C2 /* Products */ = {
			isa = PBXGroup;
			children = (
				ED0D60FF1F0D5F1500F471C2 /* pruebasqlite.app */,
				ED0D61161F0D5F1500F471C2 /* pruebasqliteTests.xctest */,
				ED0D61211F0D5F1500F471C2 /* pruebasqliteUITests.xctest */,
			);
			name = Products;
			sourceTree = "<group>";
		};
		ED0D61011F0D5F1500F471C2 /* pruebasqlite */ = {
			isa = PBXGroup;
			children = (
				ED0D613C1F0D69D200F471C2 /* database */,
				ED0D61021F0D5F1500F471C2 /* AppDelegate.swift */,
				ED0D61041F0D5F1500F471C2 /* ViewController.swift */,
				ED0D61061F0D5F1500F471C2 /* Main.storyboard */,
				ED0D610C1F0D5F1500F471C2 /* Assets.xcassets */,
				ED0D610E1F0D5F1500F471C2 /* LaunchScreen.storyboard */,
				ED0D61111F0D5F1500F471C2 /* Info.plist */,
				ED0D61091F0D5F1500F471C2 /* pruebasqlite.xcdatamodeld */,
			);
			path = pruebasqlite;
			sourceTree = "<group>";
		};
		ED0D61191F0D5F1500F471C2 /* pruebasqliteTests */ = {
			isa = PBXGroup;
			children = (
				ED0D611A1F0D5F1500F471C2 /* pruebasqliteTests.swift */,
				ED0D611C1F0D5F1500F471C2 /* Info.plist */,
			);
			path = pruebasqliteTests;
			sourceTree = "<group>";
		};
		ED0D61241F0D5F1500F471C2 /* pruebasqliteUITests */ = {
			isa = PBXGroup;
			children = (
				ED0D61251F0D5F1500F471C2 /* pruebasqliteUITests.swift */,
				ED0D61271F0D5F1500F471C2 /* Info.plist */,
			);
			path = pruebasqliteUITests;
			sourceTree = "<group>";
		};
		ED0D613C1F0D69D200F471C2 /* database */ = {
			isa = PBXGroup;
			children = (
				EDAF489C1F13C48200B58FA0 /* BalizasDBManager.swift */,
				EDAF48A41F14257D00B58FA0 /* MascarasDBManager.swift */,
				EDAF48A61F142FF000B58FA0 /* GruposDBManager.swift */,
				EDAF48A01F13EA9400B58FA0 /* GruposMascarasDBManager.swift */,
				EDAF489E1F13C50300B58FA0 /* SQLiteDataStorage.swift */,
				EDAF48A21F13FD5900B58FA0 /* MotivosDBManager.swift */,
			);
			name = database;
			sourceTree = "<group>";
		};
/* End PBXGroup section */

/* Begin PBXNativeTarget section */
		ED0D60FE1F0D5F1500F471C2 /* pruebasqlite */ = {
			isa = PBXNativeTarget;
			buildConfigurationList = ED0D612A1F0D5F1500F471C2 /* Build configuration list for PBXNativeTarget "pruebasqlite" */;
			buildPhases = (
				38BF61041C4D4DE06EB7F489 /* [CP] Check Pods Manifest.lock */,
				ED0D60FB1F0D5F1500F471C2 /* Sources */,
				ED0D60FC1F0D5F1500F471C2 /* Frameworks */,
				ED0D60FD1F0D5F1500F471C2 /* Resources */,
				4E9A6C4F69722E8955F0E484 /* [CP] Embed Pods Frameworks */,
				27B70D4313D49600F47645A1 /* [CP] Copy Pods Resources */,
				ED0D613B1F0D695F00F471C2 /* Embed Frameworks */,
			);
			buildRules = (
			);
			dependencies = (
			);
			name = pruebasqlite;
			productName = pruebasqlite;
			productReference = ED0D60FF1F0D5F1500F471C2 /* pruebasqlite.app */;
			productType = "com.apple.product-type.application";
		};
		ED0D61151F0D5F1500F471C2 /* pruebasqliteTests */ = {
			isa = PBXNativeTarget;
			buildConfigurationList = ED0D612D1F0D5F1500F471C2 /* Build configuration list for PBXNativeTarget "pruebasqliteTests" */;
			buildPhases = (
				FCF44A41E95FA342A7A3787C /* [CP] Check Pods Manifest.lock */,
				ED0D61121F0D5F1500F471C2 /* Sources */,
				ED0D61131F0D5F1500F471C2 /* Frameworks */,
				ED0D61141F0D5F1500F471C2 /* Resources */,
				60D217D8638CADE147711F3E /* [CP] Embed Pods Frameworks */,
				70BEF09DD120D4026949320D /* [CP] Copy Pods Resources */,
			);
			buildRules = (
			);
			dependencies = (
				ED0D61181F0D5F1500F471C2 /* PBXTargetDependency */,
			);
			name = pruebasqliteTests;
			productName = pruebasqliteTests;
			productReference = ED0D61161F0D5F1500F471C2 /* pruebasqliteTests.xctest */;
			productType = "com.apple.product-type.bundle.unit-test";
		};
		ED0D61201F0D5F1500F471C2 /* pruebasqliteUITests */ = {
			isa = PBXNativeTarget;
			buildConfigurationList = ED0D61301F0D5F1500F471C2 /* Build configuration list for PBXNativeTarget "pruebasqliteUITests" */;
			buildPhases = (
				628ED21F0640B34ACC76FA0E /* [CP] Check Pods Manifest.lock */,
				ED0D611D1F0D5F1500F471C2 /* Sources */,
				ED0D611E1F0D5F1500F471C2 /* Frameworks */,
				ED0D611F1F0D5F1500F471C2 /* Resources */,
				B0EE7A617A43E362814B8B7C /* [CP] Embed Pods Frameworks */,
				6087B66BA7A95612B0D299F2 /* [CP] Copy Pods Resources */,
			);
			buildRules = (
			);
			dependencies = (
				ED0D61231F0D5F1500F471C2 /* PBXTargetDependency */,
			);
			name = pruebasqliteUITests;
			productName = pruebasqliteUITests;
			productReference = ED0D61211F0D5F1500F471C2 /* pruebasqliteUITests.xctest */;
			productType = "com.apple.product-type.bundle.ui-testing";
		};
/* End PBXNativeTarget section */

/* Begin PBXProject section */
		ED0D60F71F0D5F1500F471C2 /* Project object */ = {
			isa = PBXProject;
			attributes = {
				LastSwiftUpdateCheck = 0830;
				LastUpgradeCheck = 0830;
				ORGANIZATIONNAME = MHP;
				TargetAttributes = {
					ED0D60FE1F0D5F1500F471C2 = {
						CreatedOnToolsVersion = 8.3.2;
						DevelopmentTeam = YP9MJMW5S5;
						ProvisioningStyle = Automatic;
					};
					ED0D61151F0D5F1500F471C2 = {
						CreatedOnToolsVersion = 8.3.2;
						DevelopmentTeam = YP9MJMW5S5;
						ProvisioningStyle = Automatic;
						TestTargetID = ED0D60FE1F0D5F1500F471C2;
					};
					ED0D61201F0D5F1500F471C2 = {
						CreatedOnToolsVersion = 8.3.2;
						DevelopmentTeam = YP9MJMW5S5;
						ProvisioningStyle = Automatic;
						TestTargetID = ED0D60FE1F0D5F1500F471C2;
					};
				};
			};
			buildConfigurationList = ED0D60FA1F0D5F1500F471C2 /* Build configuration list for PBXProject "pruebasqlite" */;
			compatibilityVersion = "Xcode 3.2";
			developmentRegion = English;
			hasScannedForEncodings = 0;
			knownRegions = (
				en,
				Base,
			);
			mainGroup = ED0D60F61F0D5F1500F471C2;
			productRefGroup = ED0D61001F0D5F1500F471C2 /* Products */;
			projectDirPath = "";
			projectRoot = "";
			targets = (
				ED0D60FE1F0D5F1500F471C2 /* pruebasqlite */,
				ED0D61151F0D5F1500F471C2 /* pruebasqliteTests */,
				ED0D61201F0D5F1500F471C2 /* pruebasqliteUITests */,
			);
		};
/* End PBXProject section */

/* Begin PBXResourcesBuildPhase section */
		ED0D60FD1F0D5F1500F471C2 /* Resources */ = {
			isa = PBXResourcesBuildPhase;
			buildActionMask = 2147483647;
			files = (
				ED0D61101F0D5F1500F471C2 /* LaunchScreen.storyboard in Resources */,
				ED0D610D1F0D5F1500F471C2 /* Assets.xcassets in Resources */,
				ED0D61081F0D5F1500F471C2 /* Main.storyboard in Resources */,
			);
			runOnlyForDeploymentPostprocessing = 0;
		};
		ED0D61141F0D5F1500F471C2 /* Resources */ = {
			isa = PBXResourcesBuildPhase;
			buildActionMask = 2147483647;
			files = (
			);
			runOnlyForDeploymentPostprocessing = 0;
		};
		ED0D611F1F0D5F1500F471C2 /* Resources */ = {
			isa = PBXResourcesBuildPhase;
			buildActionMask = 2147483647;
			files = (
			);
			runOnlyForDeploymentPostprocessing = 0;
		};
/* End PBXResourcesBuildPhase section */

/* Begin PBXShellScriptBuildPhase section */
		27B70D4313D49600F47645A1 /* [CP] Copy Pods Resources */ = {
			isa = PBXShellScriptBuildPhase;
			buildActionMask = 2147483647;
			files = (
			);
			inputPaths = (
			);
			name = "[CP] Copy Pods Resources";
			outputPaths = (
			);
			runOnlyForDeploymentPostprocessing = 0;
			shellPath = /bin/sh;
			shellScript = "\"${SRCROOT}/Pods/Target Support Files/Pods-pruebasqlite/Pods-pruebasqlite-resources.sh\"\n";
			showEnvVarsInLog = 0;
		};
		38BF61041C4D4DE06EB7F489 /* [CP] Check Pods Manifest.lock */ = {
			isa = PBXShellScriptBuildPhase;
			buildActionMask = 2147483647;
			files = (
			);
			inputPaths = (
			);
			name = "[CP] Check Pods Manifest.lock";
			outputPaths = (
			);
			runOnlyForDeploymentPostprocessing = 0;
			shellPath = /bin/sh;
			shellScript = "diff \"${PODS_PODFILE_DIR_PATH}/Podfile.lock\" \"${PODS_ROOT}/Manifest.lock\" > /dev/null\nif [ $? != 0 ] ; then\n    # print error to STDERR\n    echo \"error: The sandbox is not in sync with the Podfile.lock. Run 'pod install' or update your CocoaPods installation.\" >&2\n    exit 1\nfi\n";
			showEnvVarsInLog = 0;
		};
		4E9A6C4F69722E8955F0E484 /* [CP] Embed Pods Frameworks */ = {
			isa = PBXShellScriptBuildPhase;
			buildActionMask = 2147483647;
			files = (
			);
			inputPaths = (
			);
			name = "[CP] Embed Pods Frameworks";
			outputPaths = (
			);
			runOnlyForDeploymentPostprocessing = 0;
			shellPath = /bin/sh;
			shellScript = "\"${SRCROOT}/Pods/Target Support Files/Pods-pruebasqlite/Pods-pruebasqlite-frameworks.sh\"\n";
			showEnvVarsInLog = 0;
		};
		6087B66BA7A95612B0D299F2 /* [CP] Copy Pods Resources */ = {
			isa = PBXShellScriptBuildPhase;
			buildActionMask = 2147483647;
			files = (
			);
			inputPaths = (
			);
			name = "[CP] Copy Pods Resources";
			outputPaths = (
			);
			runOnlyForDeploymentPostprocessing = 0;
			shellPath = /bin/sh;
			shellScript = "\"${SRCROOT}/Pods/Target Support Files/Pods-pruebasqliteUITests/Pods-pruebasqliteUITests-resources.sh\"\n";
			showEnvVarsInLog = 0;
		};
		60D217D8638CADE147711F3E /* [CP] Embed Pods Frameworks */ = {
			isa = PBXShellScriptBuildPhase;
			buildActionMask = 2147483647;
			files = (
			);
			inputPaths = (
			);
			name = "[CP] Embed Pods Frameworks";
			outputPaths = (
			);
			runOnlyForDeploymentPostprocessing = 0;
			shellPath = /bin/sh;
			shellScript = "\"${SRCROOT}/Pods/Target Support Files/Pods-pruebasqliteTests/Pods-pruebasqliteTests-frameworks.sh\"\n";
			showEnvVarsInLog = 0;
		};
		628ED21F0640B34ACC76FA0E /* [CP] Check Pods Manifest.lock */ = {
			isa = PBXShellScriptBuildPhase;
			buildActionMask = 2147483647;
			files = (
			);
			inputPaths = (
			);
			name = "[CP] Check Pods Manifest.lock";
			outputPaths = (
			);
			runOnlyForDeploymentPostprocessing = 0;
			shellPath = /bin/sh;
			shellScript = "diff \"${PODS_PODFILE_DIR_PATH}/Podfile.lock\" \"${PODS_ROOT}/Manifest.lock\" > /dev/null\nif [ $? != 0 ] ; then\n    # print error to STDERR\n    echo \"error: The sandbox is not in sync with the Podfile.lock. Run 'pod install' or update your CocoaPods installation.\" >&2\n    exit 1\nfi\n";
			showEnvVarsInLog = 0;
		};
		70BEF09DD120D4026949320D /* [CP] Copy Pods Resources */ = {
			isa = PBXShellScriptBuildPhase;
			buildActionMask = 2147483647;
			files = (
			);
			inputPaths = (
			);
			name = "[CP] Copy Pods Resources";
			outputPaths = (
			);
			runOnlyForDeploymentPostprocessing = 0;
			shellPath = /bin/sh;
			shellScript = "\"${SRCROOT}/Pods/Target Support Files/Pods-pruebasqliteTests/Pods-pruebasqliteTests-resources.sh\"\n";
			showEnvVarsInLog = 0;
		};
		B0EE7A617A43E362814B8B7C /* [CP] Embed Pods Frameworks */ = {
			isa = PBXShellScriptBuildPhase;
			buildActionMask = 2147483647;
			files = (
			);
			inputPaths = (
			);
			name = "[CP] Embed Pods Frameworks";
			outputPaths = (
			);
			runOnlyForDeploymentPostprocessing = 0;
			shellPath = /bin/sh;
			shellScript = "\"${SRCROOT}/Pods/Target Support Files/Pods-pruebasqliteUITests/Pods-pruebasqliteUITests-frameworks.sh\"\n";
			showEnvVarsInLog = 0;
		};
		FCF44A41E95FA342A7A3787C /* [CP] Check Pods Manifest.lock */ = {
			isa = PBXShellScriptBuildPhase;
			buildActionMask = 2147483647;
			files = (
			);
			inputPaths = (
			);
			name = "[CP] Check Pods Manifest.lock";
			outputPaths = (
			);
			runOnlyForDeploymentPostprocessing = 0;
			shellPath = /bin/sh;
			shellScript = "diff \"${PODS_PODFILE_DIR_PATH}/Podfile.lock\" \"${PODS_ROOT}/Manifest.lock\" > /dev/null\nif [ $? != 0 ] ; then\n    # print error to STDERR\n    echo \"error: The sandbox is not in sync with the Podfile.lock. Run 'pod install' or update your CocoaPods installation.\" >&2\n    exit 1\nfi\n";
			showEnvVarsInLog = 0;
		};
/* End PBXShellScriptBuildPhase section */

/* Begin PBXSourcesBuildPhase section */
		ED0D60FB1F0D5F1500F471C2 /* Sources */ = {
			isa = PBXSourcesBuildPhase;
			buildActionMask = 2147483647;
			files = (
				EDAF48A31F13FD5900B58FA0 /* MotivosDBManager.swift in Sources */,
				EDAF48A71F142FF000B58FA0 /* GruposDBManager.swift in Sources */,
				EDAF48A11F13EA9400B58FA0 /* GruposMascarasDBManager.swift in Sources */,
				EDAF489D1F13C48200B58FA0 /* BalizasDBManager.swift in Sources */,
				ED0D610B1F0D5F1500F471C2 /* pruebasqlite.xcdatamodeld in Sources */,
				ED0D61051F0D5F1500F471C2 /* ViewController.swift in Sources */,
				ED0D61031F0D5F1500F471C2 /* AppDelegate.swift in Sources */,
				EDAF48A51F14257D00B58FA0 /* MascarasDBManager.swift in Sources */,
				EDAF489F1F13C50300B58FA0 /* SQLiteDataStorage.swift in Sources */,
			);
			runOnlyForDeploymentPostprocessing = 0;
		};
		ED0D61121F0D5F1500F471C2 /* Sources */ = {
			isa = PBXSourcesBuildPhase;
			buildActionMask = 2147483647;
			files = (
				ED0D611B1F0D5F1500F471C2 /* pruebasqliteTests.swift in Sources */,
			);
			runOnlyForDeploymentPostprocessing = 0;
		};
		ED0D611D1F0D5F1500F471C2 /* Sources */ = {
			isa = PBXSourcesBuildPhase;
			buildActionMask = 2147483647;
			files = (
				ED0D61261F0D5F1500F471C2 /* pruebasqliteUITests.swift in Sources */,
			);
			runOnlyForDeploymentPostprocessing = 0;
		};
/* End PBXSourcesBuildPhase section */

/* Begin PBXTargetDependency section */
		ED0D61181F0D5F1500F471C2 /* PBXTargetDependency */ = {
			isa = PBXTargetDependency;
			target = ED0D60FE1F0D5F1500F471C2 /* pruebasqlite */;
			targetProxy = ED0D61171F0D5F1500F471C2 /* PBXContainerItemProxy */;
		};
		ED0D61231F0D5F1500F471C2 /* PBXTargetDependency */ = {
			isa = PBXTargetDependency;
			target = ED0D60FE1F0D5F1500F471C2 /* pruebasqlite */;
			targetProxy = ED0D61221F0D5F1500F471C2 /* PBXContainerItemProxy */;
		};
/* End PBXTargetDependency section */

/* Begin PBXVariantGroup section */
		ED0D61061F0D5F1500F471C2 /* Main.storyboard */ = {
			isa = PBXVariantGroup;
			children = (
				ED0D61071F0D5F1500F471C2 /* Base */,
			);
			name = Main.storyboard;
			sourceTree = "<group>";
		};
		ED0D610E1F0D5F1500F471C2 /* LaunchScreen.storyboard */ = {
			isa = PBXVariantGroup;
			children = (
				ED0D610F1F0D5F1500F471C2 /* Base */,
			);
			name = LaunchScreen.storyboard;
			sourceTree = "<group>";
		};
/* End PBXVariantGroup section */

/* Begin XCBuildConfiguration section */
		ED0D61281F0D5F1500F471C2 /* Debug */ = {
			isa = XCBuildConfiguration;
			buildSettings = {
				ALWAYS_SEARCH_USER_PATHS = NO;
				CLANG_ANALYZER_NONNULL = YES;
				CLANG_ANALYZER_NUMBER_OBJECT_CONVERSION = YES_AGGRESSIVE;
				CLANG_CXX_LANGUAGE_STANDARD = "gnu++0x";
				CLANG_CXX_LIBRARY = "libc++";
				CLANG_ENABLE_MODULES = YES;
				CLANG_ENABLE_OBJC_ARC = YES;
				CLANG_WARN_BOOL_CONVERSION = YES;
				CLANG_WARN_CONSTANT_CONVERSION = YES;
				CLANG_WARN_DIRECT_OBJC_ISA_USAGE = YES_ERROR;
				CLANG_WARN_DOCUMENTATION_COMMENTS = YES;
				CLANG_WARN_EMPTY_BODY = YES;
				CLANG_WARN_ENUM_CONVERSION = YES;
				CLANG_WARN_INFINITE_RECURSION = YES;
				CLANG_WARN_INT_CONVERSION = YES;
				CLANG_WARN_OBJC_ROOT_CLASS = YES_ERROR;
				CLANG_WARN_SUSPICIOUS_MOVE = YES;
				CLANG_WARN_UNREACHABLE_CODE = YES;
				CLANG_WARN__DUPLICATE_METHOD_MATCH = YES;
				"CODE_SIGN_IDENTITY[sdk=iphoneos*]" = "iPhone Developer";
				COPY_PHASE_STRIP = NO;
				DEBUG_INFORMATION_FORMAT = dwarf;
				ENABLE_STRICT_OBJC_MSGSEND = YES;
				ENABLE_TESTABILITY = YES;
				GCC_C_LANGUAGE_STANDARD = gnu99;
				GCC_DYNAMIC_NO_PIC = NO;
				GCC_NO_COMMON_BLOCKS = YES;
				GCC_OPTIMIZATION_LEVEL = 0;
				GCC_PREPROCESSOR_DEFINITIONS = (
					"DEBUG=1",
					"$(inherited)",
				);
				GCC_WARN_64_TO_32_BIT_CONVERSION = YES;
				GCC_WARN_ABOUT_RETURN_TYPE = YES_ERROR;
				GCC_WARN_UNDECLARED_SELECTOR = YES;
				GCC_WARN_UNINITIALIZED_AUTOS = YES_AGGRESSIVE;
				GCC_WARN_UNUSED_FUNCTION = YES;
				GCC_WARN_UNUSED_VARIABLE = YES;
				IPHONEOS_DEPLOYMENT_TARGET = 10.3;
				MTL_ENABLE_DEBUG_INFO = YES;
				ONLY_ACTIVE_ARCH = YES;
				SDKROOT = iphoneos;
				SWIFT_ACTIVE_COMPILATION_CONDITIONS = DEBUG;
				SWIFT_OPTIMIZATION_LEVEL = "-Onone";
				TARGETED_DEVICE_FAMILY = "1,2";
			};
			name = Debug;
		};
		ED0D61291F0D5F1500F471C2 /* Release */ = {
			isa = XCBuildConfiguration;
			buildSettings = {
				ALWAYS_SEARCH_USER_PATHS = NO;
				CLANG_ANALYZER_NONNULL = YES;
				CLANG_ANALYZER_NUMBER_OBJECT_CONVERSION = YES_AGGRESSIVE;
				CLANG_CXX_LANGUAGE_STANDARD = "gnu++0x";
				CLANG_CXX_LIBRARY = "libc++";
				CLANG_ENABLE_MODULES = YES;
				CLANG_ENABLE_OBJC_ARC = YES;
				CLANG_WARN_BOOL_CONVERSION = YES;
				CLANG_WARN_CONSTANT_CONVERSION = YES;
				CLANG_WARN_DIRECT_OBJC_ISA_USAGE = YES_ERROR;
				CLANG_WARN_DOCUMENTATION_COMMENTS = YES;
				CLANG_WARN_EMPTY_BODY = YES;
				CLANG_WARN_ENUM_CONVERSION = YES;
				CLANG_WARN_INFINITE_RECURSION = YES;
				CLANG_WARN_INT_CONVERSION = YES;
				CLANG_WARN_OBJC_ROOT_CLASS = YES_ERROR;
				CLANG_WARN_SUSPICIOUS_MOVE = YES;
				CLANG_WARN_UNREACHABLE_CODE = YES;
				CLANG_WARN__DUPLICATE_METHOD_MATCH = YES;
				"CODE_SIGN_IDENTITY[sdk=iphoneos*]" = "iPhone Developer";
				COPY_PHASE_STRIP = NO;
				DEBUG_INFORMATION_FORMAT = "dwarf-with-dsym";
				ENABLE_NS_ASSERTIONS = NO;
				ENABLE_STRICT_OBJC_MSGSEND = YES;
				GCC_C_LANGUAGE_STANDARD = gnu99;
				GCC_NO_COMMON_BLOCKS = YES;
				GCC_WARN_64_TO_32_BIT_CONVERSION = YES;
				GCC_WARN_ABOUT_RETURN_TYPE = YES_ERROR;
				GCC_WARN_UNDECLARED_SELECTOR = YES;
				GCC_WARN_UNINITIALIZED_AUTOS = YES_AGGRESSIVE;
				GCC_WARN_UNUSED_FUNCTION = YES;
				GCC_WARN_UNUSED_VARIABLE = YES;
				IPHONEOS_DEPLOYMENT_TARGET = 10.3;
				MTL_ENABLE_DEBUG_INFO = NO;
				SDKROOT = iphoneos;
				SWIFT_OPTIMIZATION_LEVEL = "-Owholemodule";
				TARGETED_DEVICE_FAMILY = "1,2";
				VALIDATE_PRODUCT = YES;
			};
			name = Release;
		};
		ED0D612B1F0D5F1500F471C2 /* Debug */ = {
			isa = XCBuildConfiguration;
			baseConfigurationReference = BA85FC8EF526F9553662905A /* Pods-pruebasqlite.debug.xcconfig */;
			buildSettings = {
				ASSETCATALOG_COMPILER_APPICON_NAME = AppIcon;
				DEVELOPMENT_TEAM = YP9MJMW5S5;
				INFOPLIST_FILE = pruebasqlite/Info.plist;
				LD_RUNPATH_SEARCH_PATHS = "$(inherited) @executable_path/Frameworks";
				PRODUCT_BUNDLE_IDENTIFIER = com.LoquatSolutions.bleTestApp.pruebasqlite;
				PRODUCT_NAME = "$(TARGET_NAME)";
				SWIFT_VERSION = 3.0;
			};
			name = Debug;
		};
		ED0D612C1F0D5F1500F471C2 /* Release */ = {
			isa = XCBuildConfiguration;
			baseConfigurationReference = CA6201D69BACF9752EA36AEC /* Pods-pruebasqlite.release.xcconfig */;
			buildSettings = {
				ASSETCATALOG_COMPILER_APPICON_NAME = AppIcon;
				DEVELOPMENT_TEAM = YP9MJMW5S5;
				INFOPLIST_FILE = pruebasqlite/Info.plist;
				LD_RUNPATH_SEARCH_PATHS = "$(inherited) @executable_path/Frameworks";
				PRODUCT_BUNDLE_IDENTIFIER = com.LoquatSolutions.bleTestApp.pruebasqlite;
				PRODUCT_NAME = "$(TARGET_NAME)";
				SWIFT_VERSION = 3.0;
			};
			name = Release;
		};
		ED0D612E1F0D5F1500F471C2 /* Debug */ = {
			isa = XCBuildConfiguration;
			baseConfigurationReference = DF1D4C0C7BA8D0670C8398ED /* Pods-pruebasqliteTests.debug.xcconfig */;
			buildSettings = {
				ALWAYS_EMBED_SWIFT_STANDARD_LIBRARIES = YES;
				BUNDLE_LOADER = "$(TEST_HOST)";
				DEVELOPMENT_TEAM = YP9MJMW5S5;
				INFOPLIST_FILE = pruebasqliteTests/Info.plist;
				LD_RUNPATH_SEARCH_PATHS = "$(inherited) @executable_path/Frameworks @loader_path/Frameworks";
				PRODUCT_BUNDLE_IDENTIFIER = com.LoquatSolutions.bleTestApp.pruebasqliteTests;
				PRODUCT_NAME = "$(TARGET_NAME)";
				SWIFT_VERSION = 3.0;
				TEST_HOST = "$(BUILT_PRODUCTS_DIR)/pruebasqlite.app/pruebasqlite";
			};
			name = Debug;
		};
		ED0D612F1F0D5F1500F471C2 /* Release */ = {
			isa = XCBuildConfiguration;
			baseConfigurationReference = 0062D3EB1F7DFBBE2F7C61BB /* Pods-pruebasqliteTests.release.xcconfig */;
			buildSettings = {
				ALWAYS_EMBED_SWIFT_STANDARD_LIBRARIES = YES;
				BUNDLE_LOADER = "$(TEST_HOST)";
				DEVELOPMENT_TEAM = YP9MJMW5S5;
				INFOPLIST_FILE = pruebasqliteTests/Info.plist;
				LD_RUNPATH_SEARCH_PATHS = "$(inherited) @executable_path/Frameworks @loader_path/Frameworks";
				PRODUCT_BUNDLE_IDENTIFIER = com.LoquatSolutions.bleTestApp.pruebasqliteTests;
				PRODUCT_NAME = "$(TARGET_NAME)";
				SWIFT_VERSION = 3.0;
				TEST_HOST = "$(BUILT_PRODUCTS_DIR)/pruebasqlite.app/pruebasqlite";
			};
			name = Release;
		};
		ED0D61311F0D5F1500F471C2 /* Debug */ = {
			isa = XCBuildConfiguration;
			baseConfigurationReference = 8D18208004A99B858D36AF97 /* Pods-pruebasqliteUITests.debug.xcconfig */;
			buildSettings = {
				ALWAYS_EMBED_SWIFT_STANDARD_LIBRARIES = YES;
				DEVELOPMENT_TEAM = YP9MJMW5S5;
				INFOPLIST_FILE = pruebasqliteUITests/Info.plist;
				LD_RUNPATH_SEARCH_PATHS = "$(inherited) @executable_path/Frameworks @loader_path/Frameworks";
				PRODUCT_BUNDLE_IDENTIFIER = com.LoquatSolutions.bleTestApp.pruebasqliteUITests;
				PRODUCT_NAME = "$(TARGET_NAME)";
				SWIFT_VERSION = 3.0;
				TEST_TARGET_NAME = pruebasqlite;
			};
			name = Debug;
		};
		ED0D61321F0D5F1500F471C2 /* Release */ = {
			isa = XCBuildConfiguration;
			baseConfigurationReference = CA86E8CA2B8801286675AE4F /* Pods-pruebasqliteUITests.release.xcconfig */;
			buildSettings = {
				ALWAYS_EMBED_SWIFT_STANDARD_LIBRARIES = YES;
				DEVELOPMENT_TEAM = YP9MJMW5S5;
				INFOPLIST_FILE = pruebasqliteUITests/Info.plist;
				LD_RUNPATH_SEARCH_PATHS = "$(inherited) @executable_path/Frameworks @loader_path/Frameworks";
				PRODUCT_BUNDLE_IDENTIFIER = com.LoquatSolutions.bleTestApp.pruebasqliteUITests;
				PRODUCT_NAME = "$(TARGET_NAME)";
				SWIFT_VERSION = 3.0;
				TEST_TARGET_NAME = pruebasqlite;
			};
			name = Release;
		};
/* End XCBuildConfiguration section */

/* Begin XCConfigurationList section */
		ED0D60FA1F0D5F1500F471C2 /* Build configuration list for PBXProject "pruebasqlite" */ = {
			isa = XCConfigurationList;
			buildConfigurations = (
				ED0D61281F0D5F1500F471C2 /* Debug */,
				ED0D61291F0D5F1500F471C2 /* Release */,
			);
			defaultConfigurationIsVisible = 0;
			defaultConfigurationName = Release;
		};
		ED0D612A1F0D5F1500F471C2 /* Build configuration list for PBXNativeTarget "pruebasqlite" */ = {
			isa = XCConfigurationList;
			buildConfigurations = (
				ED0D612B1F0D5F1500F471C2 /* Debug */,
				ED0D612C1F0D5F1500F471C2 /* Release */,
			);
			defaultConfigurationIsVisible = 0;
			defaultConfigurationName = Release;
		};
		ED0D612D1F0D5F1500F471C2 /* Build configuration list for PBXNativeTarget "pruebasqliteTests" */ = {
			isa = XCConfigurationList;
			buildConfigurations = (
				ED0D612E1F0D5F1500F471C2 /* Debug */,
				ED0D612F1F0D5F1500F471C2 /* Release */,
			);
			defaultConfigurationIsVisible = 0;
			defaultConfigurationName = Release;
		};
		ED0D61301F0D5F1500F471C2 /* Build configuration list for PBXNativeTarget "pruebasqliteUITests" */ = {
			isa = XCConfigurationList;
			buildConfigurations = (
				ED0D61311F0D5F1500F471C2 /* Debug */,
				ED0D61321F0D5F1500F471C2 /* Release */,
			);
			defaultConfigurationIsVisible = 0;
			defaultConfigurationName = Release;
		};
/* End XCConfigurationList section */

/* Begin XCVersionGroup section */
		ED0D61091F0D5F1500F471C2 /* pruebasqlite.xcdatamodeld */ = {
			isa = XCVersionGroup;
			children = (
				ED0D610A1F0D5F1500F471C2 /* pruebasqlite.xcdatamodel */,
			);
			currentVersion = ED0D610A1F0D5F1500F471C2 /* pruebasqlite.xcdatamodel */;
			path = pruebasqlite.xcdatamodeld;
			sourceTree = "<group>";
			versionGroupType = wrapper.xcdatamodel;
		};
/* End XCVersionGroup section */
	};
	rootObject = ED0D60F71F0D5F1500F471C2 /* Project object */;
}
